Microsoft Visual Studio Solution File, Format Version 12.00
# Visual Studio 14
VisualStudioVersion = 14.0.25420.1
MinimumVisualStudioVersion = 10.0.40219.1
Project("{FAE04EC0-301F-11D3-BF4B-00C04F79EFBC}") = "Exchange", "Exchange\Exchange.csproj", "{B724DE16-3414-4110-A1CC-AABBDF661660}"
EndProject
Project("{FAE04EC0-301F-11D3-BF4B-00C04F79EFBC}") = "Exchange.iOS", "iOS\Exchange.iOS.csproj", "{65C109A3-C5B1-4BCF-A7B6-35598998FF96}"
EndProject
Project("{FAE04EC0-301F-11D3-BF4B-00C04F79EFBC}") = "Exchange.Droid", "Droid\Exchange.Droid.csproj", "{7948C5D7-3B7E-46A7-9893-85BE49D3883D}"
EndProject
Global
	GlobalSection(SolutionConfigurationPlatforms) = preSolution
		Debug|Any CPU = Debug|Any CPU
		Debug|iPhone = Debug|iPhone
		Debug|iPhoneSimulator = Debug|iPhoneSimulator
		Release|Any CPU = Release|Any CPU
		Release|iPhone = Release|iPhone
		Release|iPhoneSimulator = Release|iPhoneSimulator
	EndGlobalSection
	GlobalSection(ProjectConfigurationPlatforms) = postSolution
		{B724DE16-3414-4110-A1CC-AABBDF661660}.Debug|Any CPU.ActiveCfg = Debug|Any CPU
		{B724DE16-3414-4110-A1CC-AABBDF661660}.Debug|Any CPU.Build.0 = Debug|Any CPU
		{B724DE16-3414-4110-A1CC-AABBDF661660}.Debug|iPhone.ActiveCfg = Debug|Any CPU
		{B724DE16-3414-4110-A1CC-AABBDF661660}.Debug|iPhone.Build.0 = Debug|Any CPU
		{B724DE16-3414-4110-A1CC-AABBDF661660}.Debug|iPhoneSimulator.ActiveCfg = Debug|Any CPU
		{B724DE16-3414-4110-A1CC-AABBDF661660}.Debug|iPhoneSimulator.Build.0 = Debug|Any CPU
		{B724DE16-3414-4110-A1CC-AABBDF661660}.Release|Any CPU.ActiveCfg = Release|Any CPU
		{B724DE16-3414-4110-A1CC-AABBDF661660}.Release|Any CPU.Build.0 = Release|Any CPU
		{B724DE16-3414-4110-A1CC-AABBDF661660}.Release|iPhone.ActiveCfg = Release|Any CPU
		{B724DE16-3414-4110-A1CC-AABBDF661660}.Release|iPhone.Build.0 = Release|Any CPU
		{B724DE16-3414-4110-A1CC-AABBDF661660}.Release|iPhoneSimulator.ActiveCfg = Release|Any CPU
		{B724DE16-3414-4110-A1CC-AABBDF661660}.Release|iPhoneSimulator.Build.0 = Release|Any CPU
		{65C109A3-C5B1-4BCF-A7B6-35598998FF96}.Debug|Any CPU.ActiveCfg = Debug|iPhoneSimulator
		{65C109A3-C5B1-4BCF-A7B6-35598998FF96}.Debug|Any CPU.Build.0 = Debug|iPhoneSimulator
		{65C109A3-C5B1-4BCF-A7B6-35598998FF96}.Debug|iPhone.ActiveCfg = Debug|iPhone
		{65C109A3-C5B1-4BCF-A7B6-35598998FF96}.Debug|iPhone.Build.0 = Debug|iPhone
		{65C109A3-C5B1-4BCF-A7B6-35598998FF96}.Debug|iPhoneSimulator.ActiveCfg = Debug|iPhoneSimulator
		{65C109A3-C5B1-4BCF-A7B6-35598998FF96}.Debug|iPhoneSimulator.Build.0 = Debug|iPhoneSimulator
		{65C109A3-C5B1-4BCF-A7B6-35598998FF96}.Release|Any CPU.ActiveCfg = Debug|iPhoneSimulator
		{65C109A3-C5B1-4BCF-A7B6-35598998FF96}.Release|Any CPU.Build.0 = Debug|iPhoneSimulator
		{65C109A3-C5B1-4BCF-A7B6-35598998FF96}.Release|iPhone.ActiveCfg = Release|iPhone
		{65C109A3-C5B1-4BCF-A7B6-35598998FF96}.Release|iPhone.Build.0 = Release|iPhone
		{65C109A3-C5B1-4BCF-A7B6-35598998FF96}.Release|iPhoneSimulator.ActiveCfg = Release|iPhoneSimulator
		{65C109A3-C5B1-4BCF-A7B6-35598998FF96}.Release|iPhoneSimulator.Build.0 = Release|iPhoneSimulator
		{7948C5D7-3B7E-46A7-9893-85BE49D3883D}.Debug|Any CPU.ActiveCfg = Debug|Any CPU
		{7948C5D7-3B7E-46A7-9893-85BE49D3883D}.Debug|Any CPU.Build.0 = Debug|Any CPU
		{7948C5D7-3B7E-46A7-9893-85BE49D3883D}.Debug|Any CPU.Deploy.0 = Debug|Any CPU
		{7948C5D7-3B7E-46A7-9893-85BE49D3883D}.Debug|iPhone.ActiveCfg = Debug|Any CPU
		{7948C5D7-3B7E-46A7-9893-85BE49D3883D}.Debug|iPhone.Build.0 = Debug|Any CPU
		{7948C5D7-3B7E-46A7-9893-85BE49D3883D}.Debug|iPhoneSimulator.ActiveCfg = Debug|Any CPU
		{7948C5D7-3B7E-46A7-9893-85BE49D3883D}.Debug|iPhoneSimulator.Build.0 = Debug|Any CPU
		{7948C5D7-3B7E-46A7-9893-85BE49D3883D}.Release|Any CPU.ActiveCfg = Release|Any CPU
		{7948C5D7-3B7E-46A7-9893-85BE49D3883D}.Release|Any CPU.Build.0 = Release|Any CPU
		{7948C5D7-3B7E-46A7-9893-85BE49D3883D}.Release|iPhone.ActiveCfg = Release|Any CPU
		{7948C5D7-3B7E-46A7-9893-85BE49D3883D}.Release|iPhone.Build.0 = Release|Any CPU
		{7948C5D7-3B7E-46A7-9893-85BE49D3883D}.Release|iPhoneSimulator.ActiveCfg = Release|Any CPU
		{7948C5D7-3B7E-46A7-9893-85BE49D3883D}.Release|iPhoneSimulator.Build.0 = Release|Any CPU
	EndGlobalSection
	GlobalSection(SolutionProperties) = preSolution
		HideSolutionNode = FALSE
	EndGlobalSection
	GlobalSection(MonoDevelopProperties) = preSolution
		Policies = $0
		$0.DotNetNamingPolicy = $1
		$1.DirectoryNamespaceAssociation = PrefixedFlat
		$1.ResourceNamePolicy = FileFormatDefault
	EndGlobalSection
EndGlobal
